
Microsoft Visual Studio Solution File, Format Version 12.00
# Visual Studio Version 16
VisualStudioVersion = 16.0.31112.23
MinimumVisualStudioVersion = 10.0.40219.1
Project("{FAE04EC0-301F-11D3-BF4B-00C04F79EFBC}") = "Projet", "Projet.csproj", "{D975C0A9-2BD2-4110-ABD7-AB4D46BE823F}"
EndProject
Global
	GlobalSection(SolutionConfigurationPlatforms) = preSolution
		Debug|Any CPU = Debug|Any CPU
		Release|Any CPU = Release|Any CPU
	EndGlobalSection
	GlobalSection(ProjectConfigurationPlatforms) = postSolution
		{D975C0A9-2BD2-4110-ABD7-AB4D46BE823F}.Debug|Any CPU.ActiveCfg = Debug|Any CPU
		{D975C0A9-2BD2-4110-ABD7-AB4D46BE823F}.Debug|Any CPU.Build.0 = Debug|Any CPU
		{D975C0A9-2BD2-4110-ABD7-AB4D46BE823F}.Release|Any CPU.ActiveCfg = Release|Any CPU
		{D975C0A9-2BD2-4110-ABD7-AB4D46BE823F}.Release|Any CPU.Build.0 = Release|Any CPU
	EndGlobalSection
	GlobalSection(SolutionProperties) = preSolution
		HideSolutionNode = FALSE
	EndGlobalSection
	GlobalSection(ExtensibilityGlobals) = postSolution
		SolutionGuid = {99436793-5A19-44AF-8817-F69E2A533CA9}
	EndGlobalSection
EndGlobal
