
Microsoft Visual Studio Solution File, Format Version 12.00
# Visual Studio Version 16
VisualStudioVersion = 16.0.30907.101
MinimumVisualStudioVersion = 10.0.40219.1
Project("{FAE04EC0-301F-11D3-BF4B-00C04F79EFBC}") = "projetGuybrush", "projetGuybrush\projetGuybrush.csproj", "{38DC5EDE-52C1-4FEE-888D-38E9681F870F}"
EndProject
Global
	GlobalSection(SolutionConfigurationPlatforms) = preSolution
		Debug|Any CPU = Debug|Any CPU
		Release|Any CPU = Release|Any CPU
	EndGlobalSection
	GlobalSection(ProjectConfigurationPlatforms) = postSolution
		{38DC5EDE-52C1-4FEE-888D-38E9681F870F}.Debug|Any CPU.ActiveCfg = Debug|Any CPU
		{38DC5EDE-52C1-4FEE-888D-38E9681F870F}.Debug|Any CPU.Build.0 = Debug|Any CPU
		{38DC5EDE-52C1-4FEE-888D-38E9681F870F}.Release|Any CPU.ActiveCfg = Release|Any CPU
		{38DC5EDE-52C1-4FEE-888D-38E9681F870F}.Release|Any CPU.Build.0 = Release|Any CPU
	EndGlobalSection
	GlobalSection(SolutionProperties) = preSolution
		HideSolutionNode = FALSE
	EndGlobalSection
	GlobalSection(ExtensibilityGlobals) = postSolution
		SolutionGuid = {C86B1C12-035F-487B-AD55-4C0B56B7E6E6}
	EndGlobalSection
EndGlobal
